{
  "nodes": {
    "flake-parts": {
      "inputs": {
        "nixpkgs-lib": [
          "nixvim",
          "nixpkgs"
        ]
      },
      "locked": {
        "lastModified": 1769996383,
        "narHash": "sha256-AnYjnFWgS49RlqX7LrC4uA+sCCDBj0Ry/WOJ5XWAsa0=",
        "owner": "hercules-ci",
        "repo": "flake-parts",
        "rev": "57928607ea566b5db3ad13af0e57e921e6b12381",
        "type": "github"
      },
      "original": {
        "owner": "hercules-ci",
        "repo": "flake-parts",
        "type": "github"
      }
    },
    "nixpkgs": {
      "locked": {
        "lastModified": 1775549110,
        "narHash": "sha256-gCXSLBI1drlFwYlNqqPS9cFXvraaEGyLS8Sq45p7b/Q=",
        "owner": "NixOS",
        "repo": "nixpkgs",
        "rev": "a3db02183b5da6fbf728203492a5d1b9d109b7f9",
        "type": "github"
      },
      "original": {
        "owner": "NixOS",
        "ref": "nixpkgs-unstable",
        "repo": "nixpkgs",
        "type": "github"
      }
    },
    "nixvim": {
      "inputs": {
        "flake-parts": "flake-parts",
        "nixpkgs": [
          "nixpkgs"
        ],
        "systems": "systems"
      },
      "locked": {
        "lastModified": 1775307257,
        "narHash": "sha256-y9hEecHH4ennFwIcw1n480YCGh73DkEmizmQnyXuvgg=",
        "owner": "nix-community",
        "repo": "nixvim",
        "rev": "2e008bb941f72379d5b935d5bfe70ed8b7c793ff",
        "type": "github"
      },
      "original": {
        "owner": "nix-community",
        "repo": "nixvim",
        "type": "github"
      }
    },
    "plugins-opencode-nvim": {
      "flake": false,
      "locked": {
        "lastModified": 1775572562,
        "narHash": "sha256-yG43d7lRcX1IftgWWmIa+WNNZ6DYgeRR4EE1VxiylSA=",
        "owner": "sudo-tee",
        "repo": "opencode.nvim",
        "rev": "700066edad52ccde207d9f2bc1683cf91af06b29",
        "type": "github"
      },
      "original": {
        "owner": "sudo-tee",
        "repo": "opencode.nvim",
        "type": "github"
      }
    },
    "plugins-seeker-nvim": {
      "flake": false,
      "locked": {
        "lastModified": 1770739625,
        "narHash": "sha256-sITiKTeP7G2GRiYTSqJCgSEe2/lk1nyz1xl25zE2Knk=",
        "owner": "2KAbhishek",
        "repo": "seeker.nvim",
        "rev": "c0ec94116bb6c603ad5780bc433cb09b8ae84041",
        "type": "github"
      },
      "original": {
        "owner": "2KAbhishek",
        "repo": "seeker.nvim",
        "type": "github"
      }
    },
    "plugins-vclib-nvim": {
      "flake": false,
      "locked": {
        "lastModified": 1774052685,
        "narHash": "sha256-X8aXaEyyVfV2HFIXTM1tOckzH0IohREIYtQKDev3QeQ=",
        "owner": "algmyr",
        "repo": "vclib.nvim",
        "rev": "e682b8284da31a5791ad308f4ff5350b8db93fbb",
        "type": "github"
      },
      "original": {
        "owner": "algmyr",
        "repo": "vclib.nvim",
        "type": "github"
      }
    },
    "plugins-vcsigns-nvim": {
      "flake": false,
      "locked": {
        "lastModified": 1774561068,
        "narHash": "sha256-fSK3FOVGPkYeLznS7leX1mfCQY97BP9A9k77NhMTg3M=",
        "owner": "algmyr",
        "repo": "vcsigns.nvim",
        "rev": "43e997b546691e78d59ee8133df55269108b32a6",
        "type": "github"
      },
      "original": {
        "owner": "algmyr",
        "repo": "vcsigns.nvim",
        "type": "github"
      }
    },
    "plugins-virtual-types-nvim": {
      "flake": false,
      "locked": {
        "lastModified": 1680873610,
        "narHash": "sha256-WznB8eiwG7dIKg4LeblUQwb6E8yxAFLnV1wMwWq5/JI=",
        "owner": "jubnzv",
        "repo": "virtual-types.nvim",
        "rev": "d652ec0b1781bbb0e83dc588fb62d638006cf61e",
        "type": "github"
      },
      "original": {
        "owner": "jubnzv",
        "repo": "virtual-types.nvim",
        "type": "github"
      }
    },
    "root": {
      "inputs": {
        "nixpkgs": "nixpkgs",
        "nixvim": "nixvim",
        "plugins-opencode-nvim": "plugins-opencode-nvim",
        "plugins-seeker-nvim": "plugins-seeker-nvim",
        "plugins-vclib-nvim": "plugins-vclib-nvim",
        "plugins-vcsigns-nvim": "plugins-vcsigns-nvim",
        "plugins-virtual-types-nvim": "plugins-virtual-types-nvim"
      }
    },
    "systems": {
      "locked": {
        "lastModified": 1681028828,
        "narHash": "sha256-Vy1rq5AaRuLzOxct8nz4T6wlgyUR7zLU309k9mBC768=",
        "owner": "nix-systems",
        "repo": "default",
        "rev": "da67096a3b9bf56a91d16901293e51ba5b49a27e",
        "type": "github"
      },
      "original": {
        "owner": "nix-systems",
        "repo": "default",
        "type": "github"
      }
    }
  },
  "root": "root",
  "version": 7
}
