{
  "nodes": {
    "flake-parts": {
      "inputs": {
        "nixpkgs-lib": [
          "nixvim",
          "nixpkgs"
        ]
      },
      "locked": {
        "lastModified": 1778716662,
        "narHash": "sha256-m1Yf0wZ8j1OHjTc2UwHwyQRSnNeSgLJOd7q5Y45hzi4=",
        "owner": "hercules-ci",
        "repo": "flake-parts",
        "rev": "f7c1a2d347e4c52d5fb8d10cb4d94b5884e546fb",
        "type": "github"
      },
      "original": {
        "owner": "hercules-ci",
        "repo": "flake-parts",
        "type": "github"
      }
    },
    "nixpkgs": {
      "locked": {
        "lastModified": 1780747962,
        "narHash": "sha256-IX7G1dlKrOqPOImfbo7ADDfV5yU1+j+MRChI3TL4tAA=",
        "owner": "NixOS",
        "repo": "nixpkgs",
        "rev": "cbb5cf358f50aa6acc9efd6113b7bcfbc352cd73",
        "type": "github"
      },
      "original": {
        "owner": "NixOS",
        "ref": "nixpkgs-unstable",
        "repo": "nixpkgs",
        "type": "github"
      }
    },
    "nixvim": {
      "inputs": {
        "flake-parts": "flake-parts",
        "nixpkgs": [
          "nixpkgs"
        ],
        "systems": "systems"
      },
      "locked": {
        "lastModified": 1780646548,
        "narHash": "sha256-Ckyl/l1XBmEwnaHcHD8PvBZk1uph0NqwbJ//CAvB7iE=",
        "owner": "nix-community",
        "repo": "nixvim",
        "rev": "816a15282e58678dde831477964987d0262d4293",
        "type": "github"
      },
      "original": {
        "owner": "nix-community",
        "repo": "nixvim",
        "type": "github"
      }
    },
    "plugins-async-nvim": {
      "flake": false,
      "locked": {
        "lastModified": 1776504630,
        "narHash": "sha256-uyUvZVN7L7SqPAE1woc1T8dlhpH24FBj3/WD4VMwWF8=",
        "owner": "lewis6991",
        "repo": "async.nvim",
        "rev": "7a1d7d49933fbe902b84b55f352a3b10fd587331",
        "type": "github"
      },
      "original": {
        "owner": "lewis6991",
        "repo": "async.nvim",
        "type": "github"
      }
    },
    "plugins-cursortab-nvim": {
      "flake": false,
      "locked": {
        "lastModified": 1778838778,
        "narHash": "sha256-Y+q1NnQairgRE4lSbQ7pQn52ncobbRUmG7YuwbilDhY=",
        "owner": "cursortab",
        "repo": "cursortab.nvim",
        "rev": "6c51b98c8687edb536ade9eba47b3ae04974cf4e",
        "type": "github"
      },
      "original": {
        "owner": "cursortab",
        "repo": "cursortab.nvim",
        "type": "github"
      }
    },
    "plugins-direnv-nvim": {
      "flake": false,
      "locked": {
        "lastModified": 1778743474,
        "narHash": "sha256-S2AuTMOCiglrvB1mJWEDlSke130GWpnDvMuIapjMyFk=",
        "owner": "NotAShelf",
        "repo": "direnv.nvim",
        "rev": "8962b7fe3f6267db9dd8b2a49f2c6175b7980210",
        "type": "github"
      },
      "original": {
        "owner": "NotAShelf",
        "repo": "direnv.nvim",
        "type": "github"
      }
    },
    "plugins-opencode-nvim": {
      "flake": false,
      "locked": {
        "lastModified": 1780806085,
        "narHash": "sha256-+OsXKIG7FR0yiZDqa1CCqWJ/Rz5ZT+Cw1/qRi04tnGU=",
        "owner": "nickjvandyke",
        "repo": "opencode.nvim",
        "rev": "e4e5894f0d115365c977fddb3081e1d26912aed8",
        "type": "github"
      },
      "original": {
        "owner": "nickjvandyke",
        "repo": "opencode.nvim",
        "type": "github"
      }
    },
    "plugins-seeker-nvim": {
      "flake": false,
      "locked": {
        "lastModified": 1770739625,
        "narHash": "sha256-sITiKTeP7G2GRiYTSqJCgSEe2/lk1nyz1xl25zE2Knk=",
        "owner": "2KAbhishek",
        "repo": "seeker.nvim",
        "rev": "c0ec94116bb6c603ad5780bc433cb09b8ae84041",
        "type": "github"
      },
      "original": {
        "owner": "2KAbhishek",
        "repo": "seeker.nvim",
        "type": "github"
      }
    },
    "plugins-vclib-nvim": {
      "flake": false,
      "locked": {
        "lastModified": 1774052685,
        "narHash": "sha256-X8aXaEyyVfV2HFIXTM1tOckzH0IohREIYtQKDev3QeQ=",
        "owner": "algmyr",
        "repo": "vclib.nvim",
        "rev": "e682b8284da31a5791ad308f4ff5350b8db93fbb",
        "type": "github"
      },
      "original": {
        "owner": "algmyr",
        "repo": "vclib.nvim",
        "type": "github"
      }
    },
    "plugins-vcsigns-nvim": {
      "flake": false,
      "locked": {
        "lastModified": 1778019311,
        "narHash": "sha256-Oy2yR5u2LvZArOWpjpJAEpCPSCR5/OMDXAfPznc0ZBE=",
        "owner": "algmyr",
        "repo": "vcsigns.nvim",
        "rev": "0263f3b1f6db93778289a8d2ae5bf96da8e08183",
        "type": "github"
      },
      "original": {
        "owner": "algmyr",
        "repo": "vcsigns.nvim",
        "type": "github"
      }
    },
    "plugins-virtual-types-nvim": {
      "flake": false,
      "locked": {
        "lastModified": 1680873610,
        "narHash": "sha256-WznB8eiwG7dIKg4LeblUQwb6E8yxAFLnV1wMwWq5/JI=",
        "owner": "jubnzv",
        "repo": "virtual-types.nvim",
        "rev": "d652ec0b1781bbb0e83dc588fb62d638006cf61e",
        "type": "github"
      },
      "original": {
        "owner": "jubnzv",
        "repo": "virtual-types.nvim",
        "type": "github"
      }
    },
    "root": {
      "inputs": {
        "nixpkgs": "nixpkgs",
        "nixvim": "nixvim",
        "plugins-async-nvim": "plugins-async-nvim",
        "plugins-cursortab-nvim": "plugins-cursortab-nvim",
        "plugins-direnv-nvim": "plugins-direnv-nvim",
        "plugins-opencode-nvim": "plugins-opencode-nvim",
        "plugins-seeker-nvim": "plugins-seeker-nvim",
        "plugins-vclib-nvim": "plugins-vclib-nvim",
        "plugins-vcsigns-nvim": "plugins-vcsigns-nvim",
        "plugins-virtual-types-nvim": "plugins-virtual-types-nvim",
        "tabterm": "tabterm"
      }
    },
    "systems": {
      "locked": {
        "lastModified": 1774449309,
        "narHash": "sha256-brhZ8DmuGtzkCYHJg4HEd602amKm89Y9ytsFZ5uWD1w=",
        "owner": "nix-systems",
        "repo": "default",
        "rev": "c29398b59d2048c4ab79345812849c9bd15e9150",
        "type": "github"
      },
      "original": {
        "owner": "nix-systems",
        "ref": "future-26.11",
        "repo": "default",
        "type": "github"
      }
    },
    "tabterm": {
      "inputs": {
        "nixpkgs": [
          "nixpkgs"
        ],
        "nixvim": [
          "nixvim"
        ]
      },
      "locked": {
        "path": "./plugins/tabterm",
        "type": "path"
      },
      "original": {
        "path": "./plugins/tabterm",
        "type": "path"
      },
      "parent": []
    }
  },
  "root": "root",
  "version": 7
}
