{
  "nodes": {
    "anthropicSkills": {
      "flake": false,
      "locked": {
        "lastModified": 1770412772,
        "narHash": "sha256-9FGubcwHcGBJcKl02aJ+YsTMiwDOdgU/FHALjARG51c=",
        "owner": "anthropics",
        "repo": "skills",
        "rev": "1ed29a03dc852d30fa6ef2ca53a67dc2c2c2c563",
        "type": "github"
      },
      "original": {
        "owner": "anthropics",
        "repo": "skills",
        "type": "github"
      }
    },
    "astGrepClaudeSkill": {
      "flake": false,
      "locked": {
        "lastModified": 1769044697,
        "narHash": "sha256-LgGFtPieyKtoru22AhHW8hvkJ8kCHO2Cr8rBOWGuxvY=",
        "owner": "ast-grep",
        "repo": "claude-skill",
        "rev": "577f4d4507678f2c8cee150fae25e6ce309f70b1",
        "type": "github"
      },
      "original": {
        "owner": "ast-grep",
        "repo": "claude-skill",
        "type": "github"
      }
    },
    "nixpkgs": {
      "locked": {
        "lastModified": 1770169770,
        "narHash": "sha256-awR8qIwJxJJiOmcEGgP2KUqYmHG4v/z8XpL9z8FnT1A=",
        "owner": "NixOS",
        "repo": "nixpkgs",
        "rev": "aa290c9891fa4ebe88f8889e59633d20cc06a5f2",
        "type": "github"
      },
      "original": {
        "owner": "NixOS",
        "ref": "nixpkgs-unstable",
        "repo": "nixpkgs",
        "type": "github"
      }
    },
    "opencode": {
      "inputs": {
        "nixpkgs": [
          "nixpkgs"
        ]
      },
      "locked": {
        "lastModified": 1770462200,
        "narHash": "sha256-64SI47w4kK39pxHPczVQIkgqVbELzdcvENMpLn1Jav0=",
        "owner": "anomalyco",
        "repo": "opencode",
        "rev": "fedf9feba8c82c874e250d2fcc108b008fcf5212",
        "type": "github"
      },
      "original": {
        "owner": "anomalyco",
        "repo": "opencode",
        "type": "github"
      }
    },
    "openspec": {
      "inputs": {
        "nixpkgs": [
          "nixpkgs"
        ]
      },
      "locked": {
        "lastModified": 1770437261,
        "narHash": "sha256-qoHWEN4V+lfArPtxgbcVW3ylvtuoX4tpEHmMonnEDg0=",
        "owner": "Fission-AI",
        "repo": "OpenSpec",
        "rev": "c574e7992dc9d3ac019f8c2e882406f696271eb6",
        "type": "github"
      },
      "original": {
        "owner": "Fission-AI",
        "repo": "OpenSpec",
        "type": "github"
      }
    },
    "root": {
      "inputs": {
        "anthropicSkills": "anthropicSkills",
        "astGrepClaudeSkill": "astGrepClaudeSkill",
        "nixpkgs": "nixpkgs",
        "opencode": "opencode",
        "openspec": "openspec"
      }
    }
  },
  "root": "root",
  "version": 7
}
